// !$*UTF8*$!
{
	archiveVersion = 1;
	classes = {
	};
	objectVersion = 77;
	objects = {

/* Begin PBXContainerItemProxy section */
		6390DAA22F3AF1970048AC94 /* PBXContainerItemProxy */ = {
			isa = PBXContainerItemProxy;
			containerPortal = 6390DA8C2F3AF1960048AC94 /* Project object */;
			proxyType = 1;
			remoteGlobalIDString = 6390DA932F3AF1960048AC94;
			remoteInfo = PixelScheduler;
		};
		6390DAAC2F3AF1970048AC94 /* PBXContainerItemProxy */ = {
			isa = PBXContainerItemProxy;
			containerPortal = 6390DA8C2F3AF1960048AC94 /* Project object */;
			proxyType = 1;
			remoteGlobalIDString = 6390DA932F3AF1960048AC94;
			remoteInfo = PixelScheduler;
		};
/* End PBXContainerItemProxy section */

/* Begin PBXFileReference section */
		6390DA942F3AF1960048AC94 /* PixelScheduler.app */ = {isa = PBXFileReference; explicitFileType = wrapper.application; includeInIndex = 0; path = PixelScheduler.app; sourceTree = BUILT_PRODUCTS_DIR; };
		6390DAA12F3AF1970048AC94 /* PixelSchedulerTests.xctest */ = {isa = PBXFileReference; explicitFileType = wrapper.cfbundle; includeInIndex = 0; path = PixelSchedulerTests.xctest; sourceTree = BUILT_PRODUCTS_DIR; };
		6390DAAB2F3AF1970048AC94 /* PixelSchedulerUITests.xctest */ = {isa = PBXFileReference; explicitFileType = wrapper.cfbundle; includeInIndex = 0; path = PixelSchedulerUITests.xctest; sourceTree = BUILT_PRODUCTS_DIR; };
/* End PBXFileReference section */

/* Begin PBXFileSystemSynchronizedRootGroup section */
		6390DA962F3AF1960048AC94 /* PixelScheduler */ = {
			isa = PBXFileSystemSynchronizedRootGroup;
			path = PixelScheduler;
			sourceTree = "<group>";
		};
		6390DAA42F3AF1970048AC94 /* PixelSchedulerTests */ = {
			isa = PBXFileSystemSynchronizedRootGroup;
			path = PixelSchedulerTests;
			sourceTree = "<group>";
		};
		6390DAAE2F3AF1970048AC94 /* PixelSchedulerUITests */ = {
			isa = PBXFileSystemSynchronizedRootGroup;
			path = PixelSchedulerUITests;
			sourceTree = "<group>";
		};
/* End PBXFileSystemSynchronizedRootGroup section */

/* Begin PBXFrameworksBuildPhase section */
		6390DA912F3AF1960048AC94 /* Frameworks */ = {
			isa = PBXFrameworksBuildPhase;
			buildActionMask = 2147483647;
			files = (
			);
			runOnlyForDeploymentPostprocessing = 0;
		};
		6390DA9E2F3AF1970048AC94 /* Frameworks */ = {
			isa = PBXFrameworksBuildPhase;
			buildActionMask = 2147483647;
			files = (
			);
			runOnlyForDeploymentPostprocessing = 0;
		};
		6390DAA82F3AF1970048AC94 /* Frameworks */ = {
			isa = PBXFrameworksBuildPhase;
			buildActionMask = 2147483647;
			files = (
			);
			runOnlyForDeploymentPostprocessing = 0;
		};
/* End PBXFrameworksBuildPhase section */

/* Begin PBXGroup section */
		6390DA8B2F3AF1960048AC94 = {
			isa = PBXGroup;
			children = (
				6390DA962F3AF1960048AC94 /* PixelScheduler */,
				6390DAA42F3AF1970048AC94 /* PixelSchedulerTests */,
				6390DAAE2F3AF1970048AC94 /* PixelSchedulerUITests */,
				6390DA952F3AF1960048AC94 /* Products */,
			);
			sourceTree = "<group>";
		};
		6390DA952F3AF1960048AC94 /* Products */ = {
			isa = PBXGroup;
			children = (
				6390DA942F3AF1960048AC94 /* PixelScheduler.app */,
				6390DAA12F3AF1970048AC94 /* PixelSchedulerTests.xctest */,
				6390DAAB2F3AF1970048AC94 /* PixelSchedulerUITests.xctest */,
			);
			name = Products;
			sourceTree = "<group>";
		};
/* End PBXGroup section */

/* Begin PBXNativeTarget section */
		6390DA932F3AF1960048AC94 /* PixelScheduler */ = {
			isa = PBXNativeTarget;
			buildConfigurationList = 6390DAB52F3AF1970048AC94 /* Build configuration list for PBXNativeTarget "PixelScheduler" */;
			buildPhases = (
				6390DA902F3AF1960048AC94 /* Sources */,
				6390DA912F3AF1960048AC94 /* Frameworks */,
				6390DA922F3AF1960048AC94 /* Resources */,
			);
			buildRules = (
			);
			dependencies = (
			);
			fileSystemSynchronizedGroups = (
				6390DA962F3AF1960048AC94 /* PixelScheduler */,
			);
			name = PixelScheduler;
			packageProductDependencies = (
			);
			productName = PixelScheduler;
			productReference = 6390DA942F3AF1960048AC94 /* PixelScheduler.app */;
			productType = "com.apple.product-type.application";
		};
		6390DAA02F3AF1970048AC94 /* PixelSchedulerTests */ = {
			isa = PBXNativeTarget;
			buildConfigurationList = 6390DAB82F3AF1970048AC94 /* Build configuration list for PBXNativeTarget "PixelSchedulerTests" */;
			buildPhases = (
				6390DA9D2F3AF1970048AC94 /* Sources */,
				6390DA9E2F3AF1970048AC94 /* Frameworks */,
				6390DA9F2F3AF1970048AC94 /* Resources */,
			);
			buildRules = (
			);
			dependencies = (
				6390DAA32F3AF1970048AC94 /* PBXTargetDependency */,
			);
			fileSystemSynchronizedGroups = (
				6390DAA42F3AF1970048AC94 /* PixelSchedulerTests */,
			);
			name = PixelSchedulerTests;
			packageProductDependencies = (
			);
			productName = PixelSchedulerTests;
			productReference = 6390DAA12F3AF1970048AC94 /* PixelSchedulerTests.xctest */;
			productType = "com.apple.product-type.bundle.unit-test";
		};
		6390DAAA2F3AF1970048AC94 /* PixelSchedulerUITests */ = {
			isa = PBXNativeTarget;
			buildConfigurationList = 6390DABB2F3AF1970048AC94 /* Build configuration list for PBXNativeTarget "PixelSchedulerUITests" */;
			buildPhases = (
				6390DAA72F3AF1970048AC94 /* Sources */,
				6390DAA82F3AF1970048AC94 /* Frameworks */,
				6390DAA92F3AF1970048AC94 /* Resources */,
			);
			buildRules = (
			);
			dependencies = (
				6390DAAD2F3AF1970048AC94 /* PBXTargetDependency */,
			);
			fileSystemSynchronizedGroups = (
				6390DAAE2F3AF1970048AC94 /* PixelSchedulerUITests */,
			);
			name = PixelSchedulerUITests;
			packageProductDependencies = (
			);
			productName = PixelSchedulerUITests;
			productReference = 6390DAAB2F3AF1970048AC94 /* PixelSchedulerUITests.xctest */;
			productType = "com.apple.product-type.bundle.ui-testing";
		};
/* End PBXNativeTarget section */

/* Begin PBXProject section */
		6390DA8C2F3AF1960048AC94 /* Project object */ = {
			isa = PBXProject;
			attributes = {
				BuildIndependentTargetsInParallel = 1;
				LastSwiftUpdateCheck = 2620;
				LastUpgradeCheck = 2620;
				TargetAttributes = {
					6390DA932F3AF1960048AC94 = {
						CreatedOnToolsVersion = 26.2;
					};
					6390DAA02F3AF1970048AC94 = {
						CreatedOnToolsVersion = 26.2;
						TestTargetID = 6390DA932F3AF1960048AC94;
					};
					6390DAAA2F3AF1970048AC94 = {
						CreatedOnToolsVersion = 26.2;
						TestTargetID = 6390DA932F3AF1960048AC94;
					};
				};
			};
			buildConfigurationList = 6390DA8F2F3AF1960048AC94 /* Build configuration list for PBXProject "PixelScheduler" */;
			developmentRegion = en;
			hasScannedForEncodings = 0;
			knownRegions = (
				en,
				Base,
			);
			mainGroup = 6390DA8B2F3AF1960048AC94;
			minimizedProjectReferenceProxies = 1;
			preferredProjectObjectVersion = 77;
			productRefGroup = 6390DA952F3AF1960048AC94 /* Products */;
			projectDirPath = "";
			projectRoot = "";
			targets = (
				6390DA932F3AF1960048AC94 /* PixelScheduler */,
				6390DAA02F3AF1970048AC94 /* PixelSchedulerTests */,
				6390DAAA2F3AF1970048AC94 /* PixelSchedulerUITests */,
			);
		};
/* End PBXProject section */

/* Begin PBXResourcesBuildPhase section */
		6390DA922F3AF1960048AC94 /* Resources */ = {
			isa = PBXResourcesBuildPhase;
			buildActionMask = 2147483647;
			files = (
			);
			runOnlyForDeploymentPostprocessing = 0;
		};
		6390DA9F2F3AF1970048AC94 /* Resources */ = {
			isa = PBXResourcesBuildPhase;
			buildActionMask = 2147483647;
			files = (
			);
			runOnlyForDeploymentPostprocessing = 0;
		};
		6390DAA92F3AF1970048AC94 /* Resources */ = {
			isa = PBXResourcesBuildPhase;
			buildActionMask = 2147483647;
			files = (
			);
			runOnlyForDeploymentPostprocessing = 0;
		};
/* End PBXResourcesBuildPhase section */

/* Begin PBXSourcesBuildPhase section */
		6390DA902F3AF1960048AC94 /* Sources */ = {
			isa = PBXSourcesBuildPhase;
			buildActionMask = 2147483647;
			files = (
			);
			runOnlyForDeploymentPostprocessing = 0;
		};
		6390DA9D2F3AF1970048AC94 /* Sources */ = {
			isa = PBXSourcesBuildPhase;
			buildActionMask = 2147483647;
			files = (
			);
			runOnlyForDeploymentPostprocessing = 0;
		};
		6390DAA72F3AF1970048AC94 /* Sources */ = {
			isa = PBXSourcesBuildPhase;
			buildActionMask = 2147483647;
			files = (
			);
			runOnlyForDeploymentPostprocessing = 0;
		};
/* End PBXSourcesBuildPhase section */

/* Begin PBXTargetDependency section */
		6390DAA32F3AF1970048AC94 /* PBXTargetDependency */ = {
			isa = PBXTargetDependency;
			target = 6390DA932F3AF1960048AC94 /* PixelScheduler */;
			targetProxy = 6390DAA22F3AF1970048AC94 /* PBXContainerItemProxy */;
		};
		6390DAAD2F3AF1970048AC94 /* PBXTargetDependency */ = {
			isa = PBXTargetDependency;
			target = 6390DA932F3AF1960048AC94 /* PixelScheduler */;
			targetProxy = 6390DAAC2F3AF1970048AC94 /* PBXContainerItemProxy */;
		};
/* End PBXTargetDependency section */

/* Begin XCBuildConfiguration section */
		6390DAB32F3AF1970048AC94 /* Debug */ = {
			isa = XCBuildConfiguration;
			buildSettings = {
				ALWAYS_SEARCH_USER_PATHS = NO;
				ASSETCATALOG_COMPILER_GENERATE_SWIFT_ASSET_SYMBOL_EXTENSIONS = YES;
				CLANG_ANALYZER_NONNULL = YES;
				CLANG_ANALYZER_NUMBER_OBJECT_CONVERSION = YES_AGGRESSIVE;
				CLANG_CXX_LANGUAGE_STANDARD = "gnu++20";
				CLANG_ENABLE_MODULES = YES;
				CLANG_ENABLE_OBJC_ARC = YES;
				CLANG_ENABLE_OBJC_WEAK = YES;
				CLANG_WARN_BLOCK_CAPTURE_AUTORELEASING = YES;
				CLANG_WARN_BOOL_CONVERSION = YES;
				CLANG_WARN_COMMA = YES;
				CLANG_WARN_CONSTANT_CONVERSION = YES;
				CLANG_WARN_DEPRECATED_OBJC_IMPLEMENTATIONS = YES;
				CLANG_WARN_DIRECT_OBJC_ISA_USAGE = YES_ERROR;
				CLANG_WARN_DOCUMENTATION_COMMENTS = YES;
				CLANG_WARN_EMPTY_BODY = YES;
				CLANG_WARN_ENUM_CONVERSION = YES;
				CLANG_WARN_INFINITE_RECURSION = YES;
				CLANG_WARN_INT_CONVERSION = YES;
				CLANG_WARN_NON_LITERAL_NULL_CONVERSION = YES;
				CLANG_WARN_OBJC_IMPLICIT_RETAIN_SELF = YES;
				CLANG_WARN_OBJC_LITERAL_CONVERSION = YES;
				CLANG_WARN_OBJC_ROOT_CLASS = YES_ERROR;
				CLANG_WARN_QUOTED_INCLUDE_IN_FRAMEWORK_HEADER = YES;
				CLANG_WARN_RANGE_LOOP_ANALYSIS = YES;
				CLANG_WARN_STRICT_PROTOTYPES = YES;
				CLANG_WARN_SUSPICIOUS_MOVE = YES;
				CLANG_WARN_UNGUARDED_AVAILABILITY = YES_AGGRESSIVE;
				CLANG_WARN_UNREACHABLE_CODE = YES;
				CLANG_WARN__DUPLICATE_METHOD_MATCH = YES;
				COPY_PHASE_STRIP = NO;
				DEBUG_INFORMATION_FORMAT = dwarf;
				ENABLE_STRICT_OBJC_MSGSEND = YES;
				ENABLE_TESTABILITY = YES;
				ENABLE_USER_SCRIPT_SANDBOXING = YES;
				GCC_C_LANGUAGE_STANDARD = gnu17;
				GCC_DYNAMIC_NO_PIC = NO;
				GCC_NO_COMMON_BLOCKS = YES;
				GCC_OPTIMIZATION_LEVEL = 0;
				GCC_PREPROCESSOR_DEFINITIONS = (
					"DEBUG=1",
					"$(inherited)",
				);
				GCC_WARN_64_TO_32_BIT_CONVERSION = YES;
				GCC_WARN_ABOUT_RETURN_TYPE = YES_ERROR;
				GCC_WARN_UNDECLARED_SELECTOR = YES;
				GCC_WARN_UNINITIALIZED_AUTOS = YES_AGGRESSIVE;
				GCC_WARN_UNUSED_FUNCTION = YES;
				GCC_WARN_UNUSED_VARIABLE = YES;
				LOCALIZATION_PREFERS_STRING_CATALOGS = YES;
				MACOSX_DEPLOYMENT_TARGET = 26.2;
				MTL_ENABLE_DEBUG_INFO = INCLUDE_SOURCE;
				MTL_FAST_MATH = YES;
				ONLY_ACTIVE_ARCH = YES;
				SDKROOT = macosx;
				SWIFT_ACTIVE_COMPILATION_CONDITIONS = "DEBUG $(inherited)";
				SWIFT_OPTIMIZATION_LEVEL = "-Onone";
			};
			name = Debug;
		};
		6390DAB42F3AF1970048AC94 /* Release */ = {
			isa = XCBuildConfiguration;
			buildSettings = {
				ALWAYS_SEARCH_USER_PATHS = NO;
				ASSETCATALOG_COMPILER_GENERATE_SWIFT_ASSET_SYMBOL_EXTENSIONS = YES;
				CLANG_ANALYZER_NONNULL = YES;
				CLANG_ANALYZER_NUMBER_OBJECT_CONVERSION = YES_AGGRESSIVE;
				CLANG_CXX_LANGUAGE_STANDARD = "gnu++20";
				CLANG_ENABLE_MODULES = YES;
				CLANG_ENABLE_OBJC_ARC = YES;
				CLANG_ENABLE_OBJC_WEAK = YES;
				CLANG_WARN_BLOCK_CAPTURE_AUTORELEASING = YES;
				CLANG_WARN_BOOL_CONVERSION = YES;
				CLANG_WARN_COMMA = YES;
				CLANG_WARN_CONSTANT_CONVERSION = YES;
				CLANG_WARN_DEPRECATED_OBJC_IMPLEMENTATIONS = YES;
				CLANG_WARN_DIRECT_OBJC_ISA_USAGE = YES_ERROR;
				CLANG_WARN_DOCUMENTATION_COMMENTS = YES;
				CLANG_WARN_EMPTY_BODY = YES;
				CLANG_WARN_ENUM_CONVERSION = YES;
				CLANG_WARN_INFINITE_RECURSION = YES;
				CLANG_WARN_INT_CONVERSION = YES;
				CLANG_WARN_NON_LITERAL_NULL_CONVERSION = YES;
				CLANG_WARN_OBJC_IMPLICIT_RETAIN_SELF = YES;
				CLANG_WARN_OBJC_LITERAL_CONVERSION = YES;
				CLANG_WARN_OBJC_ROOT_CLASS = YES_ERROR;
				CLANG_WARN_QUOTED_INCLUDE_IN_FRAMEWORK_HEADER = YES;
				CLANG_WARN_RANGE_LOOP_ANALYSIS = YES;
				CLANG_WARN_STRICT_PROTOTYPES = YES;
				CLANG_WARN_SUSPICIOUS_MOVE = YES;
				CLANG_WARN_UNGUARDED_AVAILABILITY = YES_AGGRESSIVE;
				CLANG_WARN_UNREACHABLE_CODE = YES;
				CLANG_WARN__DUPLICATE_METHOD_MATCH = YES;
				COPY_PHASE_STRIP = NO;
				DEBUG_INFORMATION_FORMAT = "dwarf-with-dsym";
				ENABLE_NS_ASSERTIONS = NO;
				ENABLE_STRICT_OBJC_MSGSEND = YES;
				ENABLE_USER_SCRIPT_SANDBOXING = YES;
				GCC_C_LANGUAGE_STANDARD = gnu17;
				GCC_NO_COMMON_BLOCKS = YES;
				GCC_WARN_64_TO_32_BIT_CONVERSION = YES;
				GCC_WARN_ABOUT_RETURN_TYPE = YES_ERROR;
				GCC_WARN_UNDECLARED_SELECTOR = YES;
				GCC_WARN_UNINITIALIZED_AUTOS = YES_AGGRESSIVE;
				GCC_WARN_UNUSED_FUNCTION = YES;
				GCC_WARN_UNUSED_VARIABLE = YES;
				LOCALIZATION_PREFERS_STRING_CATALOGS = YES;
				MACOSX_DEPLOYMENT_TARGET = 26.2;
				MTL_ENABLE_DEBUG_INFO = NO;
				MTL_FAST_MATH = YES;
				SDKROOT = macosx;
				SWIFT_COMPILATION_MODE = wholemodule;
			};
			name = Release;
		};
		6390DAB62F3AF1970048AC94 /* Debug */ = {
			isa = XCBuildConfiguration;
			buildSettings = {
				ASSETCATALOG_COMPILER_APPICON_NAME = AppIcon;
				ASSETCATALOG_COMPILER_GLOBAL_ACCENT_COLOR_NAME = AccentColor;
				CODE_SIGN_STYLE = Automatic;
				COMBINE_HIDPI_IMAGES = YES;
				CURRENT_PROJECT_VERSION = 1;
				ENABLE_APP_SANDBOX = YES;
				ENABLE_PREVIEWS = YES;
				ENABLE_USER_SELECTED_FILES = readonly;
				GENERATE_INFOPLIST_FILE = YES;
				INFOPLIST_KEY_LSUIElement = YES;
				INFOPLIST_KEY_NSCalendarsUsageDescription = "PixelScheduler needs access to your calendar to display events on the screen edge.";
				INFOPLIST_KEY_NSHumanReadableCopyright = "";
				LD_RUNPATH_SEARCH_PATHS = (
					"$(inherited)",
					"@executable_path/../Frameworks",
				);
				MARKETING_VERSION = 1.0;
				PRODUCT_BUNDLE_IDENTIFIER = "com.github.nicholas-1vbw.PixelScheduler";
				PRODUCT_NAME = "$(TARGET_NAME)";
				REGISTER_APP_GROUPS = YES;
				STRING_CATALOG_GENERATE_SYMBOLS = YES;
				SWIFT_APPROACHABLE_CONCURRENCY = YES;
				SWIFT_DEFAULT_ACTOR_ISOLATION = MainActor;
				SWIFT_EMIT_LOC_STRINGS = YES;
				SWIFT_UPCOMING_FEATURE_MEMBER_IMPORT_VISIBILITY = YES;
				SWIFT_VERSION = 5.0;
			};
			name = Debug;
		};
		6390DAB72F3AF1970048AC94 /* Release */ = {
			isa = XCBuildConfiguration;
			buildSettings = {
				ASSETCATALOG_COMPILER_APPICON_NAME = AppIcon;
				ASSETCATALOG_COMPILER_GLOBAL_ACCENT_COLOR_NAME = AccentColor;
				CODE_SIGN_STYLE = Automatic;
				COMBINE_HIDPI_IMAGES = YES;
				CURRENT_PROJECT_VERSION = 1;
				ENABLE_APP_SANDBOX = YES;
				ENABLE_PREVIEWS = YES;
				ENABLE_USER_SELECTED_FILES = readonly;
				GENERATE_INFOPLIST_FILE = YES;
				INFOPLIST_KEY_LSUIElement = YES;
				INFOPLIST_KEY_NSCalendarsUsageDescription = "PixelScheduler needs access to your calendar to display events on the screen edge.";
				INFOPLIST_KEY_NSHumanReadableCopyright = "";
				LD_RUNPATH_SEARCH_PATHS = (
					"$(inherited)",
					"@executable_path/../Frameworks",
				);
				MARKETING_VERSION = 1.0;
				PRODUCT_BUNDLE_IDENTIFIER = "com.github.nicholas-1vbw.PixelScheduler";
				PRODUCT_NAME = "$(TARGET_NAME)";
				REGISTER_APP_GROUPS = YES;
				STRING_CATALOG_GENERATE_SYMBOLS = YES;
				SWIFT_APPROACHABLE_CONCURRENCY = YES;
				SWIFT_DEFAULT_ACTOR_ISOLATION = MainActor;
				SWIFT_EMIT_LOC_STRINGS = YES;
				SWIFT_UPCOMING_FEATURE_MEMBER_IMPORT_VISIBILITY = YES;
				SWIFT_VERSION = 5.0;
			};
			name = Release;
		};
		6390DAB92F3AF1970048AC94 /* Debug */ = {
			isa = XCBuildConfiguration;
			buildSettings = {
				BUNDLE_LOADER = "$(TEST_HOST)";
				CODE_SIGN_STYLE = Automatic;
				CURRENT_PROJECT_VERSION = 1;
				GENERATE_INFOPLIST_FILE = YES;
				MACOSX_DEPLOYMENT_TARGET = 26.2;
				MARKETING_VERSION = 1.0;
				PRODUCT_BUNDLE_IDENTIFIER = "com.github.nicholas-1vbw.PixelSchedulerTests";
				PRODUCT_NAME = "$(TARGET_NAME)";
				STRING_CATALOG_GENERATE_SYMBOLS = NO;
				SWIFT_APPROACHABLE_CONCURRENCY = YES;
				SWIFT_EMIT_LOC_STRINGS = NO;
				SWIFT_UPCOMING_FEATURE_MEMBER_IMPORT_VISIBILITY = YES;
				SWIFT_VERSION = 5.0;
				TEST_HOST = "$(BUILT_PRODUCTS_DIR)/PixelScheduler.app/$(BUNDLE_EXECUTABLE_FOLDER_PATH)/PixelScheduler";
			};
			name = Debug;
		};
		6390DABA2F3AF1970048AC94 /* Release */ = {
			isa = XCBuildConfiguration;
			buildSettings = {
				BUNDLE_LOADER = "$(TEST_HOST)";
				CODE_SIGN_STYLE = Automatic;
				CURRENT_PROJECT_VERSION = 1;
				GENERATE_INFOPLIST_FILE = YES;
				MACOSX_DEPLOYMENT_TARGET = 26.2;
				MARKETING_VERSION = 1.0;
				PRODUCT_BUNDLE_IDENTIFIER = "com.github.nicholas-1vbw.PixelSchedulerTests";
				PRODUCT_NAME = "$(TARGET_NAME)";
				STRING_CATALOG_GENERATE_SYMBOLS = NO;
				SWIFT_APPROACHABLE_CONCURRENCY = YES;
				SWIFT_EMIT_LOC_STRINGS = NO;
				SWIFT_UPCOMING_FEATURE_MEMBER_IMPORT_VISIBILITY = YES;
				SWIFT_VERSION = 5.0;
				TEST_HOST = "$(BUILT_PRODUCTS_DIR)/PixelScheduler.app/$(BUNDLE_EXECUTABLE_FOLDER_PATH)/PixelScheduler";
			};
			name = Release;
		};
		6390DABC2F3AF1970048AC94 /* Debug */ = {
			isa = XCBuildConfiguration;
			buildSettings = {
				CODE_SIGN_STYLE = Automatic;
				CURRENT_PROJECT_VERSION = 1;
				GENERATE_INFOPLIST_FILE = YES;
				MARKETING_VERSION = 1.0;
				PRODUCT_BUNDLE_IDENTIFIER = "com.github.nicholas-1vbw.PixelSchedulerUITests";
				PRODUCT_NAME = "$(TARGET_NAME)";
				STRING_CATALOG_GENERATE_SYMBOLS = NO;
				SWIFT_APPROACHABLE_CONCURRENCY = YES;
				SWIFT_EMIT_LOC_STRINGS = NO;
				SWIFT_UPCOMING_FEATURE_MEMBER_IMPORT_VISIBILITY = YES;
				SWIFT_VERSION = 5.0;
				TEST_TARGET_NAME = PixelScheduler;
			};
			name = Debug;
		};
		6390DABD2F3AF1970048AC94 /* Release */ = {
			isa = XCBuildConfiguration;
			buildSettings = {
				CODE_SIGN_STYLE = Automatic;
				CURRENT_PROJECT_VERSION = 1;
				GENERATE_INFOPLIST_FILE = YES;
				MARKETING_VERSION = 1.0;
				PRODUCT_BUNDLE_IDENTIFIER = "com.github.nicholas-1vbw.PixelSchedulerUITests";
				PRODUCT_NAME = "$(TARGET_NAME)";
				STRING_CATALOG_GENERATE_SYMBOLS = NO;
				SWIFT_APPROACHABLE_CONCURRENCY = YES;
				SWIFT_EMIT_LOC_STRINGS = NO;
				SWIFT_UPCOMING_FEATURE_MEMBER_IMPORT_VISIBILITY = YES;
				SWIFT_VERSION = 5.0;
				TEST_TARGET_NAME = PixelScheduler;
			};
			name = Release;
		};
/* End XCBuildConfiguration section */

/* Begin XCConfigurationList section */
		6390DA8F2F3AF1960048AC94 /* Build configuration list for PBXProject "PixelScheduler" */ = {
			isa = XCConfigurationList;
			buildConfigurations = (
				6390DAB32F3AF1970048AC94 /* Debug */,
				6390DAB42F3AF1970048AC94 /* Release */,
			);
			defaultConfigurationIsVisible = 0;
			defaultConfigurationName = Release;
		};
		6390DAB52F3AF1970048AC94 /* Build configuration list for PBXNativeTarget "PixelScheduler" */ = {
			isa = XCConfigurationList;
			buildConfigurations = (
				6390DAB62F3AF1970048AC94 /* Debug */,
				6390DAB72F3AF1970048AC94 /* Release */,
			);
			defaultConfigurationIsVisible = 0;
			defaultConfigurationName = Release;
		};
		6390DAB82F3AF1970048AC94 /* Build configuration list for PBXNativeTarget "PixelSchedulerTests" */ = {
			isa = XCConfigurationList;
			buildConfigurations = (
				6390DAB92F3AF1970048AC94 /* Debug */,
				6390DABA2F3AF1970048AC94 /* Release */,
			);
			defaultConfigurationIsVisible = 0;
			defaultConfigurationName = Release;
		};
		6390DABB2F3AF1970048AC94 /* Build configuration list for PBXNativeTarget "PixelSchedulerUITests" */ = {
			isa = XCConfigurationList;
			buildConfigurations = (
				6390DABC2F3AF1970048AC94 /* Debug */,
				6390DABD2F3AF1970048AC94 /* Release */,
			);
			defaultConfigurationIsVisible = 0;
			defaultConfigurationName = Release;
		};
/* End XCConfigurationList section */
	};
	rootObject = 6390DA8C2F3AF1960048AC94 /* Project object */;
}
